<?xml version="1.0" encoding="utf-8"?>
<Project ToolsVersion="17.0" xmlns="http://schemas.microsoft.com/developer/msbuild/2003">
  <ItemGroup>
    <ClCompile Include="C:\Users\jmuzy\OneDrive\Desktop\Projects\BMP\src\main.cpp">
      <Filter>Source Files</Filter>
    </ClCompile>
  </ItemGroup>
  <ItemGroup>
    <CustomBuild Include="C:\Users\jmuzy\OneDrive\Desktop\Projects\BMP\CMakeLists.txt" />
  </ItemGroup>
  <ItemGroup>
    <Filter Include="Source Files">
      <UniqueIdentifier>{F1E019F2-A53D-3106-8BB5-62BA70F0CCFB}</UniqueIdentifier>
    </Filter>
  </ItemGroup>
</Project>
