<?xml version="1.0" encoding="utf-8"?>
<Project ToolsVersion="17.0" xmlns="http://schemas.microsoft.com/developer/msbuild/2003">
  <ItemGroup>
    <CustomBuild Include="C:\Users\jmuzy\OneDrive\Desktop\Projects\BMP\builds\CMakeFiles\6c1301abc28660b8e2f74a2578329bec\generate.stamp.rule">
      <Filter>CMake Rules</Filter>
    </CustomBuild>
  </ItemGroup>
  <ItemGroup>
    <Filter Include="CMake Rules">
      <UniqueIdentifier>{0E8CDD1E-DABA-3FCE-8BE0-D344BF1754DD}</UniqueIdentifier>
    </Filter>
  </ItemGroup>
</Project>
